[{<<"behaviour_trees">>,
  {git,"git://github.com/fishballian/behaviour_trees.git",
       {ref,"f2a9f4806f818a539c5b9a23d2e89ecd7ce8d6d1"}},
  0},
 {<<"mochiweb">>,
  {git,"https://github.com/mochi/mochiweb.git",
       {ref,"0ca0375bead0f1857f3b17652b1aca6592284fe1"}},
  1},
 {<<"ranch">>,
  {git,"https://github.com/ninenines/ranch.git",
       {ref,"82c1aa77e64c610f6b2ac0666ae5435f5f79fa40"}},
  0},
 {<<"sync">>,
  {git,"git://github.com/rustyio/sync.git",
       {ref,"11df81d196eaab2d84caa3fbe8def5d476ef79d8"}},
  0}].
