[{<<"behaviour_trees">>,
  {git,"git://github.com/fishballian/behaviour_trees.git",
       {ref,"816f6de74197fbb14cfbc360d048aa2fcbdcfda3"}},
  0},
 {<<"mchat">>,
  {git,"git://github.com/fishballian/mchat.git",
       {ref,"40dec4bfd2b939863236c50a44973d5b091bfed9"}},
  0},
 {<<"mochiweb">>,
  {git,"https://github.com/mochi/mochiweb.git",
       {ref,"0ca0375bead0f1857f3b17652b1aca6592284fe1"}},
  1},
 {<<"ranch">>,
  {git,"https://github.com/ninenines/ranch.git",
       {ref,"237f9e7053dc2d326810c6c758a9ee8c513853b8"}},
  0},
 {<<"sync">>,
  {git,"git://github.com/rustyio/sync.git",
       {ref,"20846b02126846d69f1f4b2d00fcad580ef5c0d0"}},
  0}].
